
Microsoft Visual Studio Solution File, Format Version 12.00
# Visual Studio Version 16
VisualStudioVersion = 16.0.32126.315
MinimumVisualStudioVersion = 10.0.40219.1
Project("{9A19103F-16F7-4668-BE54-9A1E7A4F7556}") = "bankTest", "bankTest\bankTest.csproj", "{8821324C-DCCC-45BD-AAB6-89531435C6F2}"
EndProject
Project("{9A19103F-16F7-4668-BE54-9A1E7A4F7556}") = "BankNUnitTestProject", "BankNUnitTestProject\BankNUnitTestProject.csproj", "{BCE9FB7F-DD40-4075-BE16-63B4E5DEFCF8}"
EndProject
Global
	GlobalSection(SolutionConfigurationPlatforms) = preSolution
		Debug|Any CPU = Debug|Any CPU
		Release|Any CPU = Release|Any CPU
	EndGlobalSection
	GlobalSection(ProjectConfigurationPlatforms) = postSolution
		{8821324C-DCCC-45BD-AAB6-89531435C6F2}.Debug|Any CPU.ActiveCfg = Debug|Any CPU
		{8821324C-DCCC-45BD-AAB6-89531435C6F2}.Debug|Any CPU.Build.0 = Debug|Any CPU
		{8821324C-DCCC-45BD-AAB6-89531435C6F2}.Release|Any CPU.ActiveCfg = Release|Any CPU
		{8821324C-DCCC-45BD-AAB6-89531435C6F2}.Release|Any CPU.Build.0 = Release|Any CPU
		{BCE9FB7F-DD40-4075-BE16-63B4E5DEFCF8}.Debug|Any CPU.ActiveCfg = Debug|Any CPU
		{BCE9FB7F-DD40-4075-BE16-63B4E5DEFCF8}.Debug|Any CPU.Build.0 = Debug|Any CPU
		{BCE9FB7F-DD40-4075-BE16-63B4E5DEFCF8}.Release|Any CPU.ActiveCfg = Release|Any CPU
		{BCE9FB7F-DD40-4075-BE16-63B4E5DEFCF8}.Release|Any CPU.Build.0 = Release|Any CPU
	EndGlobalSection
	GlobalSection(SolutionProperties) = preSolution
		HideSolutionNode = FALSE
	EndGlobalSection
	GlobalSection(ExtensibilityGlobals) = postSolution
		SolutionGuid = {2EB6C56D-D6AB-4359-B09E-FA77E92A3003}
	EndGlobalSection
EndGlobal
